
Microsoft Visual Studio Solution File, Format Version 12.00
# Visual Studio 2013
VisualStudioVersion = 12.0.31101.0
MinimumVisualStudioVersion = 10.0.40219.1
Project("{FAE04EC0-301F-11D3-BF4B-00C04F79EFBC}") = "cOOKie", "cOOKie\cOOKie.csproj", "{83D0D624-049F-4139-9566-4289D058A159}"
EndProject
Project("{6141683F-8A12-4E36-9623-2EB02B2C2303}") = "cOOKieSetup", "cOOKieSetup\cOOKieSetup.isproj", "{132BC42E-0A5D-49D2-8DFF-1040B0F3A8C5}"
	ProjectSection(ProjectDependencies) = postProject
		{83D0D624-049F-4139-9566-4289D058A159} = {83D0D624-049F-4139-9566-4289D058A159}
	EndProjectSection
EndProject
Global
	GlobalSection(SolutionConfigurationPlatforms) = preSolution
		CD_ROM|Any CPU = CD_ROM|Any CPU
		Debug|Any CPU = Debug|Any CPU
		DVD-5|Any CPU = DVD-5|Any CPU
		Release|Any CPU = Release|Any CPU
		SingleImage|Any CPU = SingleImage|Any CPU
	EndGlobalSection
	GlobalSection(ProjectConfigurationPlatforms) = postSolution
		{83D0D624-049F-4139-9566-4289D058A159}.CD_ROM|Any CPU.ActiveCfg = Release|Any CPU
		{83D0D624-049F-4139-9566-4289D058A159}.CD_ROM|Any CPU.Build.0 = Release|Any CPU
		{83D0D624-049F-4139-9566-4289D058A159}.Debug|Any CPU.ActiveCfg = Debug|Any CPU
		{83D0D624-049F-4139-9566-4289D058A159}.Debug|Any CPU.Build.0 = Debug|Any CPU
		{83D0D624-049F-4139-9566-4289D058A159}.DVD-5|Any CPU.ActiveCfg = Debug|Any CPU
		{83D0D624-049F-4139-9566-4289D058A159}.DVD-5|Any CPU.Build.0 = Debug|Any CPU
		{83D0D624-049F-4139-9566-4289D058A159}.Release|Any CPU.ActiveCfg = Release|Any CPU
		{83D0D624-049F-4139-9566-4289D058A159}.Release|Any CPU.Build.0 = Release|Any CPU
		{83D0D624-049F-4139-9566-4289D058A159}.SingleImage|Any CPU.ActiveCfg = Release|Any CPU
		{83D0D624-049F-4139-9566-4289D058A159}.SingleImage|Any CPU.Build.0 = Release|Any CPU
		{132BC42E-0A5D-49D2-8DFF-1040B0F3A8C5}.CD_ROM|Any CPU.ActiveCfg = CD_ROM
		{132BC42E-0A5D-49D2-8DFF-1040B0F3A8C5}.CD_ROM|Any CPU.Build.0 = CD_ROM
		{132BC42E-0A5D-49D2-8DFF-1040B0F3A8C5}.Debug|Any CPU.ActiveCfg = DVD-5
		{132BC42E-0A5D-49D2-8DFF-1040B0F3A8C5}.Debug|Any CPU.Build.0 = DVD-5
		{132BC42E-0A5D-49D2-8DFF-1040B0F3A8C5}.DVD-5|Any CPU.ActiveCfg = DVD-5
		{132BC42E-0A5D-49D2-8DFF-1040B0F3A8C5}.DVD-5|Any CPU.Build.0 = DVD-5
		{132BC42E-0A5D-49D2-8DFF-1040B0F3A8C5}.Release|Any CPU.ActiveCfg = SingleImage
		{132BC42E-0A5D-49D2-8DFF-1040B0F3A8C5}.Release|Any CPU.Build.0 = SingleImage
		{132BC42E-0A5D-49D2-8DFF-1040B0F3A8C5}.SingleImage|Any CPU.ActiveCfg = SingleImage
		{132BC42E-0A5D-49D2-8DFF-1040B0F3A8C5}.SingleImage|Any CPU.Build.0 = SingleImage
	EndGlobalSection
	GlobalSection(SolutionProperties) = preSolution
		HideSolutionNode = FALSE
	EndGlobalSection
EndGlobal
